<?xml version="1.0" encoding="UTF-8" standalone="yes" ?>
<CodeBlocks_project_file>
	<FileVersion major="1" minor="6" />
	<Project>
		<Option title="autoupgrader" />
		<Option pch_mode="2" />
		<Option compiler="gcc" />
		<Build>
			<Target title="Debug">
				<Option output="bin\Debug\autoupgrader" prefix_auto="1" extension_auto="1" />
				<Option object_output="obj\Debug\" />
				<Option type="0" />
				<Option compiler="gcc" />
				<Compiler>
					<Add option="-g" />
					<Add option="-DDEBUG" />
					<Add option="-D_DEBUG" />
				</Compiler>
			</Target>
			<Target title="Release">
				<Option output="bin\Release\autoupgrader" prefix_auto="1" extension_auto="1" />
				<Option object_output="obj\Release\" />
				<Option type="0" />
				<Option compiler="gcc" />
				<Compiler>
					<Add option="-fexpensive-optimizations" />
					<Add option="-s" />
				</Compiler>
				<Linker>
					<Add option="-s" />
				</Linker>
			</Target>
		</Build>
		<Compiler>
			<Add option="-mms-bitfields" />
			<Add option="-DWIN32" />
			<Add option="-DUNICODE" />
			<Add option="-D_UNICODE" />
			<Add directory="$(#fl.include)" />
			<Add directory="res" />
			<Add directory="src" />
		</Compiler>
		<Linker>
			<Add option="-static-libgcc" />
			<Add option="-static-libstdc++" />
			<Add library="fltk" />
			<Add library="ole32" />
			<Add library="uuid" />
			<Add library="comctl32" />
			<Add library="wsock32" />
			<Add library="m" />
			<Add library="gdi32" />
			<Add library="user32" />
			<Add library="kernel32" />
			<Add library="winmm" />
			<Add directory="$(#fl.lib)" />
		</Linker>
		<Unit filename="res\resource.h" />
		<Unit filename="res\resource.rc">
			<Option compilerVar="WINDRES" />
		</Unit>
		<Unit filename="src\base64dcd.cpp" />
		<Unit filename="src\base64dcd.h" />
		<Unit filename="src\coords.h" />
		<Unit filename="src\cthread.cpp" />
		<Unit filename="src\cthread.h" />
		<Unit filename="src\httpparser.cpp" />
		<Unit filename="src\httpparser.h" />
		<Unit filename="src\httprequest.cpp" />
		<Unit filename="src\httprequest.h" />
		<Unit filename="src\main.cpp" />
		<Unit filename="src\mainwindow.cpp" />
		<Unit filename="src\mainwindow.h" />
		<Unit filename="src\sock_port.cpp" />
		<Unit filename="src\sock_port.h" />
		<Unit filename="src\stools.cpp" />
		<Unit filename="src\stools.h" />
		<Unit filename="src\winproctool.cpp" />
		<Unit filename="src\winproctool.h" />
		<Extensions>
			<code_completion />
			<envvars />
			<debugger />
			<lib_finder disable_auto="1" />
		</Extensions>
	</Project>
</CodeBlocks_project_file>
